
Microsoft Visual Studio Solution File, Format Version 12.00
# Visual Studio Version 17
VisualStudioVersion = 17.3.32819.101
MinimumVisualStudioVersion = 10.0.40219.1
Project("{FAE04EC0-301F-11D3-BF4B-00C04F79EFBC}") = "BasicFunctions", "BasicFunctions\BasicFunctions.csproj", "{6242B52F-1E1E-433C-8A3D-85C53CC10E4F}"
EndProject
Project("{FAE04EC0-301F-11D3-BF4B-00C04F79EFBC}") = "ChineseWarband", "ChineseWeapons\ChineseWarband.csproj", "{72C2C4D0-C41A-45E9-8CF8-A2A38B13DEAC}"
EndProject
Global
	GlobalSection(SolutionConfigurationPlatforms) = preSolution
		Debug|Any CPU = Debug|Any CPU
		Release|Any CPU = Release|Any CPU
	EndGlobalSection
	GlobalSection(ProjectConfigurationPlatforms) = postSolution
		{6242B52F-1E1E-433C-8A3D-85C53CC10E4F}.Debug|Any CPU.ActiveCfg = Debug|Any CPU
		{6242B52F-1E1E-433C-8A3D-85C53CC10E4F}.Debug|Any CPU.Build.0 = Debug|Any CPU
		{6242B52F-1E1E-433C-8A3D-85C53CC10E4F}.Release|Any CPU.ActiveCfg = Release|Any CPU
		{6242B52F-1E1E-433C-8A3D-85C53CC10E4F}.Release|Any CPU.Build.0 = Release|Any CPU
		{72C2C4D0-C41A-45E9-8CF8-A2A38B13DEAC}.Debug|Any CPU.ActiveCfg = Debug|Any CPU
		{72C2C4D0-C41A-45E9-8CF8-A2A38B13DEAC}.Debug|Any CPU.Build.0 = Debug|Any CPU
		{72C2C4D0-C41A-45E9-8CF8-A2A38B13DEAC}.Release|Any CPU.ActiveCfg = Release|Any CPU
		{72C2C4D0-C41A-45E9-8CF8-A2A38B13DEAC}.Release|Any CPU.Build.0 = Release|Any CPU
	EndGlobalSection
	GlobalSection(SolutionProperties) = preSolution
		HideSolutionNode = FALSE
	EndGlobalSection
	GlobalSection(ExtensibilityGlobals) = postSolution
		SolutionGuid = {D8C01679-3EB7-4AD0-9D9E-313862F4DF87}
	EndGlobalSection
EndGlobal
